<?xml version="1.0" encoding="utf-8"?>
<Project ToolsVersion="4.0" xmlns="http://schemas.microsoft.com/developer/msbuild/2003">
  <ItemGroup>
    <Filter Include="소스 파일">
      <UniqueIdentifier>{4FC737F1-C7A5-4376-A066-2A32D752A2FF}</UniqueIdentifier>
      <Extensions>cpp;c;cc;cxx;def;odl;idl;hpj;bat;asm;asmx</Extensions>
    </Filter>
    <Filter Include="헤더 파일">
      <UniqueIdentifier>{93995380-89BD-4b04-88EB-625FBE52EBFB}</UniqueIdentifier>
      <Extensions>h;hh;hpp;hxx;hm;inl;inc;xsd</Extensions>
    </Filter>
    <Filter Include="리소스 파일">
      <UniqueIdentifier>{67DA6AB6-F800-4c08-8B7A-83BB121AAD01}</UniqueIdentifier>
      <Extensions>rc;ico;cur;bmp;dlg;rc2;rct;bin;rgs;gif;jpg;jpeg;jpe;resx;tiff;tif;png;wav;mfcribbon-ms</Extensions>
    </Filter>
    <Filter Include="Common">
      <UniqueIdentifier>{5feae9cd-728a-4468-9a40-a74c3ea6d557}</UniqueIdentifier>
    </Filter>
    <Filter Include="BaseObject">
      <UniqueIdentifier>{9e83be3b-e0e2-41e9-afd9-9f0eaafc3441}</UniqueIdentifier>
    </Filter>
    <Filter Include="Manager">
      <UniqueIdentifier>{e8b1b0ff-69df-4b87-8756-0e6c2fc99547}</UniqueIdentifier>
    </Filter>
    <Filter Include="Scenes">
      <UniqueIdentifier>{c6498246-81b1-42d7-9872-cb56e8938736}</UniqueIdentifier>
    </Filter>
    <Filter Include="DataBase">
      <UniqueIdentifier>{a94786f4-0eed-4c6c-bc3b-81254775374f}</UniqueIdentifier>
    </Filter>
    <Filter Include="SoundData">
      <UniqueIdentifier>{9cedcd13-baa5-45e2-8269-dac79355c154}</UniqueIdentifier>
    </Filter>
    <Filter Include="TeamCode">
      <UniqueIdentifier>{4f78ba6e-9b2d-4851-80ff-a3182444cc9c}</UniqueIdentifier>
    </Filter>
    <Filter Include="TeamCode\cObject_Event">
      <UniqueIdentifier>{5237c7f9-37ec-4969-891f-cd641f556f32}</UniqueIdentifier>
    </Filter>
    <Filter Include="TeamCode\cObject_Sound">
      <UniqueIdentifier>{aa405af9-17d7-47ca-9325-95ccedb649c4}</UniqueIdentifier>
    </Filter>
    <Filter Include="TeamCode\Dijkstra">
      <UniqueIdentifier>{ae85a2ae-13f4-47a4-9bf4-5db4b5697cd8}</UniqueIdentifier>
    </Filter>
    <Filter Include="TeamCode\MapObject">
      <UniqueIdentifier>{78df2b78-4752-432a-8bf7-6a02534fdc42}</UniqueIdentifier>
    </Filter>
    <Filter Include="TeamCode\cItem">
      <UniqueIdentifier>{197e9657-4c2f-4b4c-9902-019c69d86dbf}</UniqueIdentifier>
    </Filter>
    <Filter Include="TeamCode\Action &amp; Command">
      <UniqueIdentifier>{a1efcd02-0241-4f9d-93f8-1345d6d1f4e6}</UniqueIdentifier>
    </Filter>
    <Filter Include="TeamCode\Unit">
      <UniqueIdentifier>{b923938a-1bc9-4739-964e-648163914311}</UniqueIdentifier>
    </Filter>
    <Filter Include="Scenes\cScene_Main">
      <UniqueIdentifier>{c5f2216f-0186-4ccd-8c7b-13a80e2cf992}</UniqueIdentifier>
    </Filter>
    <Filter Include="Scenes\cScene_Game">
      <UniqueIdentifier>{bdd799f8-d90f-4da1-be34-a4fbcf6cc645}</UniqueIdentifier>
    </Filter>
  </ItemGroup>
  <ItemGroup>
    <Text Include="ReadMe.txt" />
  </ItemGroup>
  <ItemGroup>
    <ClInclude Include="stdafx.h">
      <Filter>헤더 파일</Filter>
    </ClInclude>
    <ClInclude Include="targetver.h">
      <Filter>헤더 파일</Filter>
    </ClInclude>
    <ClInclude Include="Resource.h">
      <Filter>헤더 파일</Filter>
    </ClInclude>
    <ClInclude Include="Direct3D_Project.h">
      <Filter>헤더 파일</Filter>
    </ClInclude>
    <ClInclude Include="MyUtil.h">
      <Filter>헤더 파일</Filter>
    </ClInclude>
    <ClInclude Include="cDXFontManager.h">
      <Filter>Manager</Filter>
    </ClInclude>
    <ClInclude Include="cGizmoManager.h">
      <Filter>Manager</Filter>
    </ClInclude>
    <ClInclude Include="cPhysicManager.h">
      <Filter>Manager</Filter>
    </ClInclude>
    <ClInclude Include="cResourceMgr.h">
      <Filter>Manager</Filter>
    </ClInclude>
    <ClInclude Include="cResourceMgr_ShaderFX.h">
      <Filter>Manager</Filter>
    </ClInclude>
    <ClInclude Include="cResourceMgr_Texture.h">
      <Filter>Manager</Filter>
    </ClInclude>
    <ClInclude Include="cResourceMgr_XSkinnedMesh.h">
      <Filter>Manager</Filter>
    </ClInclude>
    <ClInclude Include="cResourceMgr_XStaticMesh.h">
      <Filter>Manager</Filter>
    </ClInclude>
    <ClInclude Include="cSpriteManager.h">
      <Filter>Manager</Filter>
    </ClInclude>
    <ClInclude Include="cTimeMgr.h">
      <Filter>Manager</Filter>
    </ClInclude>
    <ClInclude Include="cKeyMgr.h">
      <Filter>Manager</Filter>
    </ClInclude>
    <ClInclude Include="cLogMgr.h">
      <Filter>Manager</Filter>
    </ClInclude>
    <ClInclude Include="cSingletonBase.h">
      <Filter>Manager</Filter>
    </ClInclude>
    <ClInclude Include="cMainGame.h">
      <Filter>헤더 파일</Filter>
    </ClInclude>
    <ClInclude Include="BoneHierachy.h">
      <Filter>Common</Filter>
    </ClInclude>
    <ClInclude Include="cCamera.h">
      <Filter>Common</Filter>
    </ClInclude>
    <ClInclude Include="cFrustum.h">
      <Filter>Common</Filter>
    </ClInclude>
    <ClInclude Include="cLight.h">
      <Filter>Common</Filter>
    </ClInclude>
    <ClInclude Include="cLight_Direction.h">
      <Filter>Common</Filter>
    </ClInclude>
    <ClInclude Include="cLight_Point.h">
      <Filter>Common</Filter>
    </ClInclude>
    <ClInclude Include="cParticle.h">
      <Filter>Common</Filter>
    </ClInclude>
    <ClInclude Include="cParticleEmitter.h">
      <Filter>Common</Filter>
    </ClInclude>
    <ClInclude Include="cParticleQuad.h">
      <Filter>Common</Filter>
    </ClInclude>
    <ClInclude Include="cQuadTree.h">
      <Filter>Common</Filter>
    </ClInclude>
    <ClInclude Include="cSkinnedAnimation.h">
      <Filter>Common</Filter>
    </ClInclude>
    <ClInclude Include="cTerrain.h">
      <Filter>Common</Filter>
    </ClInclude>
    <ClInclude Include="cTransform.h">
      <Filter>Common</Filter>
    </ClInclude>
    <ClInclude Include="cXMesh.h">
      <Filter>Common</Filter>
    </ClInclude>
    <ClInclude Include="cXMesh_Skinned.h">
      <Filter>Common</Filter>
    </ClInclude>
    <ClInclude Include="cXMesh_Static.h">
      <Filter>Common</Filter>
    </ClInclude>
    <ClInclude Include="cScene.h">
      <Filter>Scenes</Filter>
    </ClInclude>
    <ClInclude Include="cScene_Main.h">
      <Filter>Scenes\cScene_Main</Filter>
    </ClInclude>
    <ClInclude Include="cBaseObject.h">
      <Filter>BaseObject</Filter>
    </ClInclude>
    <ClInclude Include="cSetBoundObject.h">
      <Filter>BaseObject</Filter>
    </ClInclude>
    <ClInclude Include="cBoundSphere.h">
      <Filter>Common</Filter>
    </ClInclude>
    <ClInclude Include="cBoundBox.h">
      <Filter>Common</Filter>
    </ClInclude>
    <ClInclude Include="cImage.h">
      <Filter>Common</Filter>
    </ClInclude>
    <ClInclude Include="txtData.h">
      <Filter>DataBase</Filter>
    </ClInclude>
    <ClInclude Include="cSoundData.h">
      <Filter>SoundData</Filter>
    </ClInclude>
    <ClInclude Include="SoundUtil.h">
      <Filter>헤더 파일</Filter>
    </ClInclude>
    <ClInclude Include="cSoundManager.h">
      <Filter>SoundData</Filter>
    </ClInclude>
    <ClInclude Include="cObject_EventObj.h">
      <Filter>TeamCode\cObject_Event</Filter>
    </ClInclude>
    <ClInclude Include="cScene_Mgr.h">
      <Filter>Manager</Filter>
    </ClInclude>
    <ClInclude Include="cSceneChangeEffect.h">
      <Filter>Common</Filter>
    </ClInclude>
    <ClInclude Include="cSceneChangeEffectUpDown.h">
      <Filter>Common</Filter>
    </ClInclude>
    <ClInclude Include="cSoundObject.h">
      <Filter>TeamCode\cObject_Sound</Filter>
    </ClInclude>
    <ClInclude Include="cNode.h">
      <Filter>TeamCode\Dijkstra</Filter>
    </ClInclude>
    <ClInclude Include="Dijkstra.h">
      <Filter>TeamCode\Dijkstra</Filter>
    </ClInclude>
    <ClInclude Include="cDoorPosition.h">
      <Filter>TeamCode\MapObject</Filter>
    </ClInclude>
    <ClInclude Include="cMap_Active.h">
      <Filter>TeamCode\MapObject</Filter>
    </ClInclude>
    <ClInclude Include="cMap_Bbox_Load.h">
      <Filter>TeamCode\MapObject</Filter>
    </ClInclude>
    <ClInclude Include="cMap_Bbox_Save.h">
      <Filter>TeamCode\MapObject</Filter>
    </ClInclude>
    <ClInclude Include="cItem.h">
      <Filter>TeamCode\cItem</Filter>
    </ClInclude>
    <ClInclude Include="Action.h">
      <Filter>TeamCode\Action &amp; Command</Filter>
    </ClInclude>
    <ClInclude Include="cActionSeq.h">
      <Filter>TeamCode\Action &amp; Command</Filter>
    </ClInclude>
    <ClInclude Include="Command.h">
      <Filter>TeamCode\Action &amp; Command</Filter>
    </ClInclude>
    <ClInclude Include="Unit.h">
      <Filter>TeamCode\Unit</Filter>
    </ClInclude>
    <ClInclude Include="cScene_Game.h">
      <Filter>Scenes\cScene_Game</Filter>
    </ClInclude>
  </ItemGroup>
  <ItemGroup>
    <ClCompile Include="stdafx.cpp">
      <Filter>소스 파일</Filter>
    </ClCompile>
    <ClCompile Include="Direct3D_Project.cpp">
      <Filter>소스 파일</Filter>
    </ClCompile>
    <ClCompile Include="MyUtil.cpp">
      <Filter>소스 파일</Filter>
    </ClCompile>
    <ClCompile Include="cDXFontManager.cpp">
      <Filter>Manager</Filter>
    </ClCompile>
    <ClCompile Include="cGizmoManager.cpp">
      <Filter>Manager</Filter>
    </ClCompile>
    <ClCompile Include="cPhysicManager.cpp">
      <Filter>Manager</Filter>
    </ClCompile>
    <ClCompile Include="cResourceMgr.cpp">
      <Filter>Manager</Filter>
    </ClCompile>
    <ClCompile Include="cResourceMgr_ShaderFX.cpp">
      <Filter>Manager</Filter>
    </ClCompile>
    <ClCompile Include="cResourceMgr_Texture.cpp">
      <Filter>Manager</Filter>
    </ClCompile>
    <ClCompile Include="cResourceMgr_XSkinnedMesh.cpp">
      <Filter>Manager</Filter>
    </ClCompile>
    <ClCompile Include="cResourceMgr_XStaticMesh.cpp">
      <Filter>Manager</Filter>
    </ClCompile>
    <ClCompile Include="cSpriteManager.cpp">
      <Filter>Manager</Filter>
    </ClCompile>
    <ClCompile Include="cTimeMgr.cpp">
      <Filter>Manager</Filter>
    </ClCompile>
    <ClCompile Include="cKeyMgr.cpp">
      <Filter>Manager</Filter>
    </ClCompile>
    <ClCompile Include="cLogMgr.cpp">
      <Filter>Manager</Filter>
    </ClCompile>
    <ClCompile Include="cSingletonBase.cpp">
      <Filter>Manager</Filter>
    </ClCompile>
    <ClCompile Include="cMainGame.cpp">
      <Filter>소스 파일</Filter>
    </ClCompile>
    <ClCompile Include="BoneHierachy.cpp">
      <Filter>Common</Filter>
    </ClCompile>
    <ClCompile Include="cCamera.cpp">
      <Filter>Common</Filter>
    </ClCompile>
    <ClCompile Include="cFrustum.cpp">
      <Filter>Common</Filter>
    </ClCompile>
    <ClCompile Include="cLight.cpp">
      <Filter>Common</Filter>
    </ClCompile>
    <ClCompile Include="cLight_Direction.cpp">
      <Filter>Common</Filter>
    </ClCompile>
    <ClCompile Include="cLight_Point.cpp">
      <Filter>Common</Filter>
    </ClCompile>
    <ClCompile Include="cParticle.cpp">
      <Filter>Common</Filter>
    </ClCompile>
    <ClCompile Include="cParticleEmitter.cpp">
      <Filter>Common</Filter>
    </ClCompile>
    <ClCompile Include="cParticleQuad.cpp">
      <Filter>Common</Filter>
    </ClCompile>
    <ClCompile Include="cQuadTree.cpp">
      <Filter>Common</Filter>
    </ClCompile>
    <ClCompile Include="cSkinnedAnimation.cpp">
      <Filter>Common</Filter>
    </ClCompile>
    <ClCompile Include="cTerrain.cpp">
      <Filter>Common</Filter>
    </ClCompile>
    <ClCompile Include="cTransform.cpp">
      <Filter>Common</Filter>
    </ClCompile>
    <ClCompile Include="cXMesh.cpp">
      <Filter>Common</Filter>
    </ClCompile>
    <ClCompile Include="cXMesh_Skinned.cpp">
      <Filter>Common</Filter>
    </ClCompile>
    <ClCompile Include="cXMesh_Static.cpp">
      <Filter>Common</Filter>
    </ClCompile>
    <ClCompile Include="cScene.cpp">
      <Filter>Scenes</Filter>
    </ClCompile>
    <ClCompile Include="cScene_Main.cpp">
      <Filter>Scenes\cScene_Main</Filter>
    </ClCompile>
    <ClCompile Include="cBaseObject.cpp">
      <Filter>BaseObject</Filter>
    </ClCompile>
    <ClCompile Include="cSetBoundObject.cpp">
      <Filter>BaseObject</Filter>
    </ClCompile>
    <ClCompile Include="cBoundBox.cpp">
      <Filter>Common</Filter>
    </ClCompile>
    <ClCompile Include="cBoundSphere.cpp">
      <Filter>Common</Filter>
    </ClCompile>
    <ClCompile Include="cImage.cpp">
      <Filter>Common</Filter>
    </ClCompile>
    <ClCompile Include="txtData.cpp">
      <Filter>DataBase</Filter>
    </ClCompile>
    <ClCompile Include="cSoundData.cpp">
      <Filter>SoundData</Filter>
    </ClCompile>
    <ClCompile Include="SoundUtil.cpp">
      <Filter>소스 파일</Filter>
    </ClCompile>
    <ClCompile Include="cSoundManager.cpp">
      <Filter>SoundData</Filter>
    </ClCompile>
    <ClCompile Include="cObject_EventObj.cpp">
      <Filter>TeamCode\cObject_Event</Filter>
    </ClCompile>
    <ClCompile Include="cScene_Mgr.cpp">
      <Filter>Manager</Filter>
    </ClCompile>
    <ClCompile Include="cSceneChangeEffect.cpp">
      <Filter>Common</Filter>
    </ClCompile>
    <ClCompile Include="cSceneChangeEffectUpDown.cpp">
      <Filter>Common</Filter>
    </ClCompile>
    <ClCompile Include="cSoundObject.cpp">
      <Filter>TeamCode\cObject_Sound</Filter>
    </ClCompile>
    <ClCompile Include="cNode.cpp">
      <Filter>TeamCode\Dijkstra</Filter>
    </ClCompile>
    <ClCompile Include="Dijkstra.cpp">
      <Filter>TeamCode\Dijkstra</Filter>
    </ClCompile>
    <ClCompile Include="cDoorPosition.cpp">
      <Filter>TeamCode\MapObject</Filter>
    </ClCompile>
    <ClCompile Include="cMap_Active.cpp">
      <Filter>TeamCode\MapObject</Filter>
    </ClCompile>
    <ClCompile Include="cMap_Bbox_Load.cpp">
      <Filter>TeamCode\MapObject</Filter>
    </ClCompile>
    <ClCompile Include="cMap_Bbox_Save.cpp">
      <Filter>TeamCode\MapObject</Filter>
    </ClCompile>
    <ClCompile Include="cItem.cpp">
      <Filter>TeamCode\cItem</Filter>
    </ClCompile>
    <ClCompile Include="Action.cpp">
      <Filter>TeamCode\Action &amp; Command</Filter>
    </ClCompile>
    <ClCompile Include="cActionSeq.cpp">
      <Filter>TeamCode\Action &amp; Command</Filter>
    </ClCompile>
    <ClCompile Include="Command.cpp">
      <Filter>TeamCode\Action &amp; Command</Filter>
    </ClCompile>
    <ClCompile Include="Enemy.cpp">
      <Filter>TeamCode\Unit</Filter>
    </ClCompile>
    <ClCompile Include="Player.cpp">
      <Filter>TeamCode\Unit</Filter>
    </ClCompile>
    <ClCompile Include="Unit.cpp">
      <Filter>TeamCode\Unit</Filter>
    </ClCompile>
    <ClCompile Include="cScene_Game.cpp">
      <Filter>Scenes\cScene_Game</Filter>
    </ClCompile>
  </ItemGroup>
  <ItemGroup>
    <ResourceCompile Include="Direct3D_Project.rc">
      <Filter>리소스 파일</Filter>
    </ResourceCompile>
  </ItemGroup>
  <ItemGroup>
    <Image Include="small.ico">
      <Filter>리소스 파일</Filter>
    </Image>
    <Image Include="Direct3D_Project.ico">
      <Filter>리소스 파일</Filter>
    </Image>
  </ItemGroup>
</Project>